github.com/google/go-cmp v0.4.0/go.mod h1:v8dTdLbMG2kIc/vJvl+f65V22dbkXbowE6jgT/gNBxE=
github.com/pablotrinidad/hillcipher v0.0.0-20200312070713-24d52254993e h1:rjF/S+gz1A3ETlhrDuJ21DtdHNjT+PzgHws3AJ6PdyI=
github.com/pablotrinidad/hillcipher v0.0.0-20200312070713-24d52254993e/go.mod h1:VwsQYaMKLQ4rlvOgfwqo+IAJw3RoKh9PinEyVrc15Qw=
github.com/pablotrinidad/hillcipher v0.0.0-20200313035657-fa5901f7ee20 h1:5D/qxuyv5+K9rXK0ZyT2kqvyT4GkDa+Ows4Cu2pBqMI=
github.com/pablotrinidad/hillcipher v0.0.0-20200314234624-639ffc5b1ce8 h1:tqhLcFNMXe9RXhSvqz/5hLeYPAnIhce1v8Xi1qZBZy0=
github.com/pablotrinidad/hillcipher/cipher v0.0.0-20200313035657-fa5901f7ee20 h1:csz8kOSNVEqDuAF9RriZDva3U0OsRUrsihDgwJdgCho=
github.com/pablotrinidad/hillcipher/cipher v0.0.0-20200313035657-fa5901f7ee20/go.mod h1:E9Rg4gYnOv/BopupOJL1ks/I9TeuOddf/UcTCBRAa1c=
github.com/pablotrinidad/hillcipher/cipher v0.0.0-20200314234624-639ffc5b1ce8 h1:EMB03yNcnjmLsUqAvDiuacXyPIjaM1Gy41CCZubcUZI=
github.com/pablotrinidad/hillcipher/cipher v0.0.0-20200314234624-639ffc5b1ce8/go.mod h1:E9Rg4gYnOv/BopupOJL1ks/I9TeuOddf/UcTCBRAa1c=
golang.org/x/xerrors v0.0.0-20191204190536-9bdfabe68543/go.mod h1:I/5z698sn9Ka8TeJc9MKroUUfqBBauWjQqLJ2OPfmY0=
