github.com/davecgh/go-spew v1.1.0 h1:ZDRjVQ15GmhC3fiQ8ni8+OwkZQO4DARzQgrnXU1Liz8=
github.com/davecgh/go-spew v1.1.0/go.mod h1:J7Y8YcW2NihsgmVo/mv3lAwl/skON4iLHjSsI+c5H38=
github.com/google/go-cmp v0.4.0 h1:xsAVV57WRhGj6kEIi8ReJzQlHHqcBYCElAvkovg3B/4=
github.com/google/go-cmp v0.4.0/go.mod h1:v8dTdLbMG2kIc/vJvl+f65V22dbkXbowE6jgT/gNBxE=
github.com/gookit/color v1.2.3 h1:2Si0/JAEE2+1hkNYuTszu54Ti9wfp+M4JNNrknf9/D0=
github.com/gookit/color v1.2.3/go.mod h1:AhIE+pS6D4Ql0SQWbBeXPHw7gY0/sjHoA4s/n1KB7xg=
github.com/pablotrinidad/hillcipher v0.0.0-20200314234624-639ffc5b1ce8 h1:tqhLcFNMXe9RXhSvqz/5hLeYPAnIhce1v8Xi1qZBZy0=
github.com/pablotrinidad/hillcipher/cipher v0.0.0-20200314234624-639ffc5b1ce8 h1:EMB03yNcnjmLsUqAvDiuacXyPIjaM1Gy41CCZubcUZI=
github.com/pablotrinidad/hillcipher/cipher v0.0.0-20200314234624-639ffc5b1ce8/go.mod h1:E9Rg4gYnOv/BopupOJL1ks/I9TeuOddf/UcTCBRAa1c=
github.com/pmezard/go-difflib v1.0.0 h1:4DBwDE0NGyQoBHbLQYPwSUPoCMWR5BEzIk/f1lZbAQM=
github.com/pmezard/go-difflib v1.0.0/go.mod h1:iKH77koFhYxTK1pcRnkKkqfTogsbg7gZNVY4sRDYZ/4=
github.com/stretchr/objx v0.1.0/go.mod h1:HFkY916IF+rwdDfMAkV7OtwuqBVzrE8GR6GFx+wExME=
github.com/stretchr/testify v1.3.0 h1:TivCn/peBQ7UY8ooIcPgZFpTNSz0Q2U6UrFlUfqbe0Q=
github.com/stretchr/testify v1.3.0/go.mod h1:M5WIy9Dh21IEIfnGCwXGc5bZfKNJtfHm1UVUgZn+9EI=
golang.org/x/xerrors v0.0.0-20191204190536-9bdfabe68543/go.mod h1:I/5z698sn9Ka8TeJc9MKroUUfqBBauWjQqLJ2OPfmY0=
